
Microsoft Visual Studio Solution File, Format Version 12.00
# Visual Studio Version 17
VisualStudioVersion = 17.11.35327.3
MinimumVisualStudioVersion = 10.0.40219.1
Project("{F2A71F9B-5D33-465A-A702-920D77279786}") = "lab6_FP", "lab6_FP\lab6_FP.fsproj", "{8C4B098C-1359-4C79-A9D3-0FDA175FF4A2}"
EndProject
Global
	GlobalSection(SolutionConfigurationPlatforms) = preSolution
		Debug|Any CPU = Debug|Any CPU
		Release|Any CPU = Release|Any CPU
	EndGlobalSection
	GlobalSection(ProjectConfigurationPlatforms) = postSolution
		{8C4B098C-1359-4C79-A9D3-0FDA175FF4A2}.Debug|Any CPU.ActiveCfg = Debug|Any CPU
		{8C4B098C-1359-4C79-A9D3-0FDA175FF4A2}.Debug|Any CPU.Build.0 = Debug|Any CPU
		{8C4B098C-1359-4C79-A9D3-0FDA175FF4A2}.Release|Any CPU.ActiveCfg = Release|Any CPU
		{8C4B098C-1359-4C79-A9D3-0FDA175FF4A2}.Release|Any CPU.Build.0 = Release|Any CPU
	EndGlobalSection
	GlobalSection(SolutionProperties) = preSolution
		HideSolutionNode = FALSE
	EndGlobalSection
	GlobalSection(ExtensibilityGlobals) = postSolution
		SolutionGuid = {0628378F-37CD-417E-83AD-2B963628AE01}
	EndGlobalSection
EndGlobal
